{
  "name": "e2e",
  "version": "0.0.0-dev",
  "lockfileVersion": 3,
  "requires": true,
  "packages": {
    "": {
      "name": "e2e",
      "version": "0.0.0-dev",
      "license": "MIT",
      "devDependencies": {
        "@lvce-editor/test-with-playwright": "^22.31.0"
      }
    },
    "node_modules/@lvce-editor/test-with-playwright": {
      "version": "22.31.0",
      "resolved": "https://registry.npmjs.org/@lvce-editor/test-with-playwright/-/test-with-playwright-22.31.0.tgz",
      "integrity": "sha512-ND/TgfvyvFuBcFlKqnZXz7Du2C13NPG08ojwiemuMk/f2qWBWg3j+fErEA0IPiB+q6G3jpOkGmrzYEu0tgHLFw==",
      "dev": true,
      "license": "MIT",
      "dependencies": {
        "@lvce-editor/test-with-playwright-worker": "22.31.0",
        "@lvce-editor/test-worker": "^17.19.0"
      },
      "bin": {
        "test-with-playwright": "bin/test-with-playwright.js"
      },
      "engines": {
        "node": ">=24"
      }
    },
    "node_modules/@lvce-editor/test-with-playwright-worker": {
      "version": "22.31.0",
      "resolved": "https://registry.npmjs.org/@lvce-editor/test-with-playwright-worker/-/test-with-playwright-worker-22.31.0.tgz",
      "integrity": "sha512-uxdtvsPdUdUnYhiFVbVYCPQqZRf+l281Z8KpmlDM08gzOvVkp4LPmZwTRSAON7QdJiqyed0/dzLdbP7bFHR1rw==",
      "dev": true,
      "license": "MIT",
      "dependencies": {
        "@playwright/test": "1.62.1",
        "get-port": "^7.2.0",
        "playwright-core": "^1.62.1"
      },
      "engines": {
        "node": ">=24"
      }
    },
    "node_modules/@lvce-editor/test-worker": {
      "version": "17.19.0",
      "resolved": "https://registry.npmjs.org/@lvce-editor/test-worker/-/test-worker-17.19.0.tgz",
      "integrity": "sha512-jztwaFUPyR909tCzFi2K/lElnT61IKgDOgwkMAkA7o8BQPwuZVSMrzoEpTVrBcVZ6cP9NSTCcsGOuZ2kl9o5RA==",
      "dev": true,
      "license": "MIT"
    },
    "node_modules/@playwright/test": {
      "version": "1.62.1",
      "resolved": "https://registry.npmjs.org/@playwright/test/-/test-1.62.1.tgz",
      "integrity": "sha512-DTcUc8qii+cpHvtOwggMtBRMjKZHXYWdw8syRYu2vtzuq4Wxphqq4NfCs5Zt44L6mA8rfDfj+PHnxFc/FeK6mQ==",
      "dev": true,
      "license": "Apache-2.0",
      "dependencies": {
        "playwright": "1.62.1"
      },
      "bin": {
        "playwright": "cli.js"
      },
      "engines": {
        "node": ">=20"
      }
    },
    "node_modules/fsevents": {
      "version": "2.3.2",
      "resolved": "https://registry.npmjs.org/fsevents/-/fsevents-2.3.2.tgz",
      "integrity": "sha512-xiqMQR4xAeHTuB9uWm+fFRcIOgKBMiOBP+eXiyT7jsgVCq1bkVygt00oASowB7EdtpOHaaPgKt812P9ab+DDKA==",
      "dev": true,
      "hasInstallScript": true,
      "license": "MIT",
      "optional": true,
      "os": [
        "darwin"
      ],
      "engines": {
        "node": "^8.16.0 || ^10.6.0 || >=11.0.0"
      }
    },
    "node_modules/get-port": {
      "version": "7.2.0",
      "resolved": "https://registry.npmjs.org/get-port/-/get-port-7.2.0.tgz",
      "integrity": "sha512-afP4W205ONCuMoPBqcR6PSXnzX35KTcJygfJfcp+QY+uwm3p20p1YczWXhlICIzGMCxYBQcySEcOgsJcrkyobg==",
      "dev": true,
      "license": "MIT",
      "engines": {
        "node": ">=16"
      },
      "funding": {
        "url": "https://github.com/sponsors/sindresorhus"
      }
    },
    "node_modules/playwright": {
      "version": "1.62.1",
      "resolved": "https://registry.npmjs.org/playwright/-/playwright-1.62.1.tgz",
      "integrity": "sha512-0M+L3LAD8/nm554LOla9Ayx0j0tmFZ0FBcoQ7F1VuVHpM/XpiC8RcDzBQB8W5+hA8L22THxELzeF+2WcUzvcLg==",
      "dev": true,
      "license": "Apache-2.0",
      "dependencies": {
        "playwright-core": "1.62.1"
      },
      "bin": {
        "playwright": "cli.js"
      },
      "engines": {
        "node": ">=20"
      },
      "optionalDependencies": {
        "fsevents": "2.3.2"
      }
    },
    "node_modules/playwright-core": {
      "version": "1.63.0",
      "resolved": "https://registry.npmjs.org/playwright-core/-/playwright-core-1.63.0.tgz",
      "integrity": "sha512-rYCsBF/M5HjUch52bbtVONEFjv6Xu8sm8h72dNlR5bzIE1fvC/bxgspzkjSfU+MweEMmPM8KJebG6nnyxo5mCg==",
      "dev": true,
      "license": "Apache-2.0",
      "bin": {
        "playwright-core": "cli.js"
      },
      "engines": {
        "node": ">=20"
      }
    },
    "node_modules/playwright/node_modules/playwright-core": {
      "version": "1.62.1",
      "resolved": "https://registry.npmjs.org/playwright-core/-/playwright-core-1.62.1.tgz",
      "integrity": "sha512-wPYSwEBJY9GHraISXqyqtx0na0LpO3XEX7jNDhntbex7tzUS7kLnZsOlFruFJB4Hi/rhDMjXGqHewDZ68nYZVw==",
      "dev": true,
      "license": "Apache-2.0",
      "bin": {
        "playwright-core": "cli.js"
      },
      "engines": {
        "node": ">=20"
      }
    }
  }
}
